
Microsoft Visual Studio Solution File, Format Version 12.00
# Visual Studio Version 16
VisualStudioVersion = 16.0.29411.138
MinimumVisualStudioVersion = 10.0.40219.1
Project("{FAE04EC0-301F-11D3-BF4B-00C04F79EFBC}") = "SmtpClient", "SmtpClient\SmtpClient.csproj", "{D2458126-A9B0-416D-9DC3-E67674A25D6B}"
EndProject
Project("{9A19103F-16F7-4668-BE54-9A1E7A4F7556}") = "Mail.Service", "Mail.Service\Mail.Service.csproj", "{B54FD70E-B8F6-4D13-B0F3-4A3E7928B52E}"
EndProject
Global
	GlobalSection(SolutionConfigurationPlatforms) = preSolution
		Debug|Any CPU = Debug|Any CPU
		Release|Any CPU = Release|Any CPU
	EndGlobalSection
	GlobalSection(ProjectConfigurationPlatforms) = postSolution
		{D2458126-A9B0-416D-9DC3-E67674A25D6B}.Debug|Any CPU.ActiveCfg = Debug|Any CPU
		{D2458126-A9B0-416D-9DC3-E67674A25D6B}.Debug|Any CPU.Build.0 = Debug|Any CPU
		{D2458126-A9B0-416D-9DC3-E67674A25D6B}.Release|Any CPU.ActiveCfg = Release|Any CPU
		{D2458126-A9B0-416D-9DC3-E67674A25D6B}.Release|Any CPU.Build.0 = Release|Any CPU
		{B54FD70E-B8F6-4D13-B0F3-4A3E7928B52E}.Debug|Any CPU.ActiveCfg = Debug|Any CPU
		{B54FD70E-B8F6-4D13-B0F3-4A3E7928B52E}.Debug|Any CPU.Build.0 = Debug|Any CPU
		{B54FD70E-B8F6-4D13-B0F3-4A3E7928B52E}.Release|Any CPU.ActiveCfg = Release|Any CPU
		{B54FD70E-B8F6-4D13-B0F3-4A3E7928B52E}.Release|Any CPU.Build.0 = Release|Any CPU
	EndGlobalSection
	GlobalSection(SolutionProperties) = preSolution
		HideSolutionNode = FALSE
	EndGlobalSection
	GlobalSection(ExtensibilityGlobals) = postSolution
		SolutionGuid = {8C918E3D-6FF9-4624-A7A3-32E91B66349A}
	EndGlobalSection
EndGlobal
